
Microsoft Visual Studio Solution File, Format Version 11.00
# Visual Studio 2010
Project("{8BC9CEB8-8B4A-11D0-8D11-00A0C91BC942}") = "ChangeDetection", "ChangeDetection\ChangeDetection.vcxproj", "{3334B964-AD86-431B-A95D-2C2BF4B6C48C}"
EndProject
Global
	GlobalSection(SolutionConfigurationPlatforms) = preSolution
		Debug|Win32 = Debug|Win32
		Release|Win32 = Release|Win32
	EndGlobalSection
	GlobalSection(ProjectConfigurationPlatforms) = postSolution
		{3334B964-AD86-431B-A95D-2C2BF4B6C48C}.Debug|Win32.ActiveCfg = Debug|Win32
		{3334B964-AD86-431B-A95D-2C2BF4B6C48C}.Debug|Win32.Build.0 = Debug|Win32
		{3334B964-AD86-431B-A95D-2C2BF4B6C48C}.Release|Win32.ActiveCfg = Release|Win32
		{3334B964-AD86-431B-A95D-2C2BF4B6C48C}.Release|Win32.Build.0 = Release|Win32
	EndGlobalSection
	GlobalSection(SolutionProperties) = preSolution
		HideSolutionNode = FALSE
	EndGlobalSection
EndGlobal
