<?xml version="1.0" encoding="utf-8"?>
<Project ToolsVersion="4.0" xmlns="http://schemas.microsoft.com/developer/msbuild/2003">
  <ItemGroup>
    <Filter Include="source">
      <UniqueIdentifier>{4FC737F1-C7A5-4376-A066-2A32D752A2FF}</UniqueIdentifier>
      <Extensions>cpp;c;cc;cxx;def;odl;idl;hpj;bat;asm;asmx</Extensions>
    </Filter>
    <Filter Include="header">
      <UniqueIdentifier>{93995380-89BD-4b04-88EB-625FBE52EBFB}</UniqueIdentifier>
      <Extensions>h;hpp;hxx;hm;inl;inc;xsd</Extensions>
    </Filter>
    <Filter Include="interface">
      <UniqueIdentifier>{4253f671-51e8-4d66-897f-eaefa8ba0d4a}</UniqueIdentifier>
    </Filter>
    <Filter Include="main">
      <UniqueIdentifier>{fafd6c8e-3ac3-49eb-a57e-7eed1815fdc3}</UniqueIdentifier>
    </Filter>
  </ItemGroup>
  <ItemGroup>
    <ClCompile Include="..\..\source\source\BaseAlg.cpp">
      <Filter>source</Filter>
    </ClCompile>
    <ClCompile Include="..\..\source\source\BaseNode.cpp">
      <Filter>source</Filter>
    </ClCompile>
    <ClCompile Include="..\..\source\source\CmdLineParser.cpp">
      <Filter>source</Filter>
    </ClCompile>
    <ClCompile Include="..\..\source\source\CoverNodeAlg.cpp">
      <Filter>source</Filter>
    </ClCompile>
    <ClCompile Include="..\..\source\source\MiscLib.cpp">
      <Filter>source</Filter>
    </ClCompile>
    <ClCompile Include="..\..\source\source\RdrLemmatizer.cpp">
      <Filter>source</Filter>
    </ClCompile>
    <ClCompile Include="..\..\source\source\RdrLexer.cpp">
      <Filter>source</Filter>
    </ClCompile>
    <ClCompile Include="..\..\source\source\RdrParser.cpp">
      <Filter>source</Filter>
    </ClCompile>
    <ClCompile Include="..\..\source\source\RdrRule.cpp">
      <Filter>source</Filter>
    </ClCompile>
    <ClCompile Include="..\..\source\source\RdrScanner.cpp">
      <Filter>source</Filter>
    </ClCompile>
    <ClCompile Include="..\..\source\source\RdrTree.cpp">
      <Filter>source</Filter>
    </ClCompile>
    <ClCompile Include="..\..\source\source\Rule.cpp">
      <Filter>source</Filter>
    </ClCompile>
    <ClCompile Include="..\..\source\source\Statistics.cpp">
      <Filter>source</Filter>
    </ClCompile>
    <ClCompile Include="..\..\source\source\Word.cpp">
      <Filter>source</Filter>
    </ClCompile>
    <ClCompile Include="..\..\source\source\WordList.cpp">
      <Filter>source</Filter>
    </ClCompile>
    <ClCompile Include="..\..\source\source\Xval.cpp">
      <Filter>source</Filter>
    </ClCompile>
    <ClCompile Include="..\..\source\interface\InterAll.cpp">
      <Filter>interface</Filter>
    </ClCompile>
    <ClCompile Include="..\..\source\interface\InterBuild.cpp">
      <Filter>interface</Filter>
    </ClCompile>
    <ClCompile Include="..\..\source\interface\InterLearn.cpp">
      <Filter>interface</Filter>
    </ClCompile>
    <ClCompile Include="..\..\source\interface\InterLemtz.cpp">
      <Filter>interface</Filter>
    </ClCompile>
    <ClCompile Include="..\..\source\interface\InterSplit.cpp">
      <Filter>interface</Filter>
    </ClCompile>
    <ClCompile Include="..\..\source\interface\InterStat.cpp">
      <Filter>interface</Filter>
    </ClCompile>
    <ClCompile Include="..\..\source\interface\InterTest.cpp">
      <Filter>interface</Filter>
    </ClCompile>
    <ClCompile Include="..\..\source\interface\InterXVal.cpp">
      <Filter>interface</Filter>
    </ClCompile>
    <ClCompile Include="..\..\source\main\lemmaGen.cpp">
      <Filter>main</Filter>
    </ClCompile>
  </ItemGroup>
  <ItemGroup>
    <ClInclude Include="..\..\source\header\BaseAlg.h">
      <Filter>header</Filter>
    </ClInclude>
    <ClInclude Include="..\..\source\header\BaseNode.h">
      <Filter>header</Filter>
    </ClInclude>
    <ClInclude Include="..\..\source\header\CmdLineParser.h">
      <Filter>header</Filter>
    </ClInclude>
    <ClInclude Include="..\..\source\header\CoverNodeAlg.h">
      <Filter>header</Filter>
    </ClInclude>
    <ClInclude Include="..\..\source\header\DebugMemory.h">
      <Filter>header</Filter>
    </ClInclude>
    <ClInclude Include="..\..\source\header\MiscLib.h">
      <Filter>header</Filter>
    </ClInclude>
    <ClInclude Include="..\..\source\header\RdrLemmatizer.h">
      <Filter>header</Filter>
    </ClInclude>
    <ClInclude Include="..\..\source\header\RdrLexer.h">
      <Filter>header</Filter>
    </ClInclude>
    <ClInclude Include="..\..\source\header\RdrParser.h">
      <Filter>header</Filter>
    </ClInclude>
    <ClInclude Include="..\..\source\header\RdrRule.h">
      <Filter>header</Filter>
    </ClInclude>
    <ClInclude Include="..\..\source\header\RdrScanner.h">
      <Filter>header</Filter>
    </ClInclude>
    <ClInclude Include="..\..\source\header\RdrTree.h">
      <Filter>header</Filter>
    </ClInclude>
    <ClInclude Include="..\..\source\header\Rule.h">
      <Filter>header</Filter>
    </ClInclude>
    <ClInclude Include="..\..\source\header\Statistics.h">
      <Filter>header</Filter>
    </ClInclude>
    <ClInclude Include="..\..\source\header\Word.h">
      <Filter>header</Filter>
    </ClInclude>
    <ClInclude Include="..\..\source\header\WordList.h">
      <Filter>header</Filter>
    </ClInclude>
    <ClInclude Include="..\..\source\header\Xval.h">
      <Filter>header</Filter>
    </ClInclude>
    <ClInclude Include="..\..\source\interface\Interface.h">
      <Filter>interface</Filter>
    </ClInclude>
  </ItemGroup>
</Project>