<?xml version="1.0" encoding="utf-8"?>
<Project ToolsVersion="4.0" xmlns="http://schemas.microsoft.com/developer/msbuild/2003">
  <ItemGroup>
    <Filter Include="source">
      <UniqueIdentifier>{4FC737F1-C7A5-4376-A066-2A32D752A2FF}</UniqueIdentifier>
      <Extensions>cpp;c;cc;cxx;def;odl;idl;hpj;bat;asm;asmx</Extensions>
    </Filter>
    <Filter Include="header">
      <UniqueIdentifier>{93995380-89BD-4b04-88EB-625FBE52EBFB}</UniqueIdentifier>
      <Extensions>h;hpp;hxx;hm;inl;inc;xsd</Extensions>
    </Filter>
    <Filter Include="interface">
      <UniqueIdentifier>{52445b45-6d56-488a-a742-170ca0d20b6d}</UniqueIdentifier>
    </Filter>
    <Filter Include="main">
      <UniqueIdentifier>{2e6f25f2-baa0-4c03-bbe3-f798fc9553be}</UniqueIdentifier>
    </Filter>
  </ItemGroup>
  <ItemGroup>
    <ClCompile Include="..\..\source\source\CmdLineParser.cpp">
      <Filter>source</Filter>
    </ClCompile>
    <ClCompile Include="..\..\source\source\MiscLib.cpp">
      <Filter>source</Filter>
    </ClCompile>
    <ClCompile Include="..\..\source\source\Rule.cpp">
      <Filter>source</Filter>
    </ClCompile>
    <ClCompile Include="..\..\source\source\Word.cpp">
      <Filter>source</Filter>
    </ClCompile>
    <ClCompile Include="..\..\source\source\WordList.cpp">
      <Filter>source</Filter>
    </ClCompile>
    <ClCompile Include="..\..\source\interface\InterTest.cpp">
      <Filter>interface</Filter>
    </ClCompile>
    <ClCompile Include="..\..\source\main\lemTest.cpp">
      <Filter>main</Filter>
    </ClCompile>
  </ItemGroup>
  <ItemGroup>
    <ClInclude Include="..\..\source\header\CmdLineParser.h">
      <Filter>header</Filter>
    </ClInclude>
    <ClInclude Include="..\..\source\header\MiscLib.h">
      <Filter>header</Filter>
    </ClInclude>
    <ClInclude Include="..\..\source\header\Rule.h">
      <Filter>header</Filter>
    </ClInclude>
    <ClInclude Include="..\..\source\header\Word.h">
      <Filter>header</Filter>
    </ClInclude>
    <ClInclude Include="..\..\source\header\WordList.h">
      <Filter>header</Filter>
    </ClInclude>
    <ClInclude Include="..\..\source\interface\Interface.h">
      <Filter>interface</Filter>
    </ClInclude>
  </ItemGroup>
</Project>